
Microsoft Visual Studio Solution File, Format Version 12.00
# Visual Studio 15
VisualStudioVersion = 15.0.28307.1145
MinimumVisualStudioVersion = 10.0.40219.1
Project("{FAE04EC0-301F-11D3-BF4B-00C04F79EFBC}") = "BMI", "BMI\BMI.csproj", "{7B3C9F42-AA48-4079-A5AB-299587FEE6CE}"
EndProject
Project("{FAE04EC0-301F-11D3-BF4B-00C04F79EFBC}") = "bmitest", "bmitest\bmitest.csproj", "{F326B7E4-49A1-46A2-AE05-54893A35BC30}"
EndProject
Global
	GlobalSection(SolutionConfigurationPlatforms) = preSolution
		Debug|Any CPU = Debug|Any CPU
		Release|Any CPU = Release|Any CPU
	EndGlobalSection
	GlobalSection(ProjectConfigurationPlatforms) = postSolution
		{7B3C9F42-AA48-4079-A5AB-299587FEE6CE}.Debug|Any CPU.ActiveCfg = Debug|Any CPU
		{7B3C9F42-AA48-4079-A5AB-299587FEE6CE}.Debug|Any CPU.Build.0 = Debug|Any CPU
		{7B3C9F42-AA48-4079-A5AB-299587FEE6CE}.Release|Any CPU.ActiveCfg = Release|Any CPU
		{7B3C9F42-AA48-4079-A5AB-299587FEE6CE}.Release|Any CPU.Build.0 = Release|Any CPU
		{F326B7E4-49A1-46A2-AE05-54893A35BC30}.Debug|Any CPU.ActiveCfg = Debug|Any CPU
		{F326B7E4-49A1-46A2-AE05-54893A35BC30}.Debug|Any CPU.Build.0 = Debug|Any CPU
		{F326B7E4-49A1-46A2-AE05-54893A35BC30}.Release|Any CPU.ActiveCfg = Release|Any CPU
		{F326B7E4-49A1-46A2-AE05-54893A35BC30}.Release|Any CPU.Build.0 = Release|Any CPU
	EndGlobalSection
	GlobalSection(SolutionProperties) = preSolution
		HideSolutionNode = FALSE
	EndGlobalSection
	GlobalSection(ExtensibilityGlobals) = postSolution
		SolutionGuid = {278A499B-95E9-48F1-90CB-0DBD6B314DA7}
	EndGlobalSection
EndGlobal
